
Microsoft Visual Studio Solution File, Format Version 12.00
# Visual Studio Version 16
VisualStudioVersion = 16.0.30804.86
MinimumVisualStudioVersion = 10.0.40219.1
Project("{9A19103F-16F7-4668-BE54-9A1E7A4F7556}") = "Cosarca_Roxana_Project", "Cosarca_Roxana_Project.csproj", "{4A753574-A821-489E-9FF5-E82818F418A8}"
EndProject
Project("{FAE04EC0-301F-11D3-BF4B-00C04F79EFBC}") = "OfficeModel", "..\OfficeModel\OfficeModel.csproj", "{09ED4A33-EC3F-468D-9614-6FC8928997CD}"
EndProject
Project("{FAE04EC0-301F-11D3-BF4B-00C04F79EFBC}") = "OfficeWebAPI", "..\OfficeWebAPI\OfficeWebAPI.csproj", "{2335F89D-B4A9-4FE3-9C04-C76FEBAC4F0E}"
EndProject
Global
	GlobalSection(SolutionConfigurationPlatforms) = preSolution
		Debug|Any CPU = Debug|Any CPU
		Release|Any CPU = Release|Any CPU
	EndGlobalSection
	GlobalSection(ProjectConfigurationPlatforms) = postSolution
		{4A753574-A821-489E-9FF5-E82818F418A8}.Debug|Any CPU.ActiveCfg = Debug|Any CPU
		{4A753574-A821-489E-9FF5-E82818F418A8}.Debug|Any CPU.Build.0 = Debug|Any CPU
		{4A753574-A821-489E-9FF5-E82818F418A8}.Release|Any CPU.ActiveCfg = Release|Any CPU
		{4A753574-A821-489E-9FF5-E82818F418A8}.Release|Any CPU.Build.0 = Release|Any CPU
		{09ED4A33-EC3F-468D-9614-6FC8928997CD}.Debug|Any CPU.ActiveCfg = Debug|Any CPU
		{09ED4A33-EC3F-468D-9614-6FC8928997CD}.Debug|Any CPU.Build.0 = Debug|Any CPU
		{09ED4A33-EC3F-468D-9614-6FC8928997CD}.Release|Any CPU.ActiveCfg = Release|Any CPU
		{09ED4A33-EC3F-468D-9614-6FC8928997CD}.Release|Any CPU.Build.0 = Release|Any CPU
		{2335F89D-B4A9-4FE3-9C04-C76FEBAC4F0E}.Debug|Any CPU.ActiveCfg = Debug|Any CPU
		{2335F89D-B4A9-4FE3-9C04-C76FEBAC4F0E}.Debug|Any CPU.Build.0 = Debug|Any CPU
		{2335F89D-B4A9-4FE3-9C04-C76FEBAC4F0E}.Release|Any CPU.ActiveCfg = Release|Any CPU
		{2335F89D-B4A9-4FE3-9C04-C76FEBAC4F0E}.Release|Any CPU.Build.0 = Release|Any CPU
	EndGlobalSection
	GlobalSection(SolutionProperties) = preSolution
		HideSolutionNode = FALSE
	EndGlobalSection
	GlobalSection(ExtensibilityGlobals) = postSolution
		SolutionGuid = {8A6D2D72-DEA3-444C-AB99-90A174AD5BF1}
	EndGlobalSection
EndGlobal
